
Microsoft Visual Studio Solution File, Format Version 12.00
# Visual Studio Version 16
VisualStudioVersion = 16.0.32228.343
MinimumVisualStudioVersion = 10.0.40219.1
Project("{8BC9CEB8-8B4A-11D0-8D11-00A0C91BC942}") = "my_IGT_TSP", "my_IGT_TSP.vcxproj", "{301B0502-0A62-303E-ABA2-8B0D9691B1D1}"
EndProject
Global
	GlobalSection(SolutionConfigurationPlatforms) = preSolution
		Debug|x64 = Debug|x64
		Release|x64 = Release|x64
	EndGlobalSection
	GlobalSection(ProjectConfigurationPlatforms) = postSolution
		{301B0502-0A62-303E-ABA2-8B0D9691B1D1}.Debug|x64.ActiveCfg = Debug|x64
		{301B0502-0A62-303E-ABA2-8B0D9691B1D1}.Debug|x64.Build.0 = Debug|x64
		{301B0502-0A62-303E-ABA2-8B0D9691B1D1}.Release|x64.ActiveCfg = Release|x64
		{301B0502-0A62-303E-ABA2-8B0D9691B1D1}.Release|x64.Build.0 = Release|x64
	EndGlobalSection
	GlobalSection(SolutionProperties) = preSolution
		HideSolutionNode = FALSE
	EndGlobalSection
	GlobalSection(ExtensibilityGlobals) = postSolution
		SolutionGuid = {95A57515-CCEC-4DD6-BF67-B5288DD94C08}
	EndGlobalSection
EndGlobal
